// !$*UTF8*$!
{
	archiveVersion = 1;
	classes = {
	};
	objectVersion = 50;
	objects = {

/* Begin PBXBuildFile section */
		F57CF968618AC9C9172F46B5 /* Pods_smokeroom.framework in Frameworks */ = {isa = PBXBuildFile; fileRef = 20CCFFB9D50F94848D1AF85F /* Pods_smokeroom.framework */; };
		FB05A7332188181200DD6EB2 /* RoomsViewController.swift in Sources */ = {isa = PBXBuildFile; fileRef = FB05A7322188181200DD6EB2 /* RoomsViewController.swift */; };
		FB05A7352188184F00DD6EB2 /* HomeViewController.swift in Sources */ = {isa = PBXBuildFile; fileRef = FB05A7342188184F00DD6EB2 /* HomeViewController.swift */; };
		FB06C1CD2100168000420EBF /* Helper.swift in Sources */ = {isa = PBXBuildFile; fileRef = FB06C1CC2100168000420EBF /* Helper.swift */; };
		FB09252520BEF9930071C1E8 /* AppDelegate.swift in Sources */ = {isa = PBXBuildFile; fileRef = FB09252420BEF9930071C1E8 /* AppDelegate.swift */; };
		FB09252C20BEF9960071C1E8 /* Assets.xcassets in Resources */ = {isa = PBXBuildFile; fileRef = FB09252B20BEF9960071C1E8 /* Assets.xcassets */; };
		FB09253A20BEF9960071C1E8 /* smokeroomTests.swift in Sources */ = {isa = PBXBuildFile; fileRef = FB09253920BEF9960071C1E8 /* smokeroomTests.swift */; };
		FB09254520BEF9960071C1E8 /* smokeroomUITests.swift in Sources */ = {isa = PBXBuildFile; fileRef = FB09254420BEF9960071C1E8 /* smokeroomUITests.swift */; };
		FB09255520BF07DD0071C1E8 /* anchorExtension.swift in Sources */ = {isa = PBXBuildFile; fileRef = FB09255420BF07DD0071C1E8 /* anchorExtension.swift */; };
		FB1007CB21C9B77100ABE789 /* AccountHeader.swift in Sources */ = {isa = PBXBuildFile; fileRef = FB1007CA21C9B77100ABE789 /* AccountHeader.swift */; };
		FB1007D121CAAAB400ABE789 /* SearchViewController.swift in Sources */ = {isa = PBXBuildFile; fileRef = FB1007D021CAAAB400ABE789 /* SearchViewController.swift */; };
		FB10990620E80A8900BDD2DD /* GoogleService-Info.plist in Resources */ = {isa = PBXBuildFile; fileRef = FB10990520E80A8800BDD2DD /* GoogleService-Info.plist */; };
		FB10990820E80FD400BDD2DD /* RegisterViewController.swift in Sources */ = {isa = PBXBuildFile; fileRef = FB10990720E80FD400BDD2DD /* RegisterViewController.swift */; };
		FB10990A20E8118300BDD2DD /* RegisterViews.swift in Sources */ = {isa = PBXBuildFile; fileRef = FB10990920E8118300BDD2DD /* RegisterViews.swift */; };
		FB294E6021D1C467009CE9D1 /* FriendRequest.swift in Sources */ = {isa = PBXBuildFile; fileRef = FB294E5F21D1C467009CE9D1 /* FriendRequest.swift */; };
		FB294E6221D1DD9D009CE9D1 /* FriendRequestCell.swift in Sources */ = {isa = PBXBuildFile; fileRef = FB294E6121D1DD9D009CE9D1 /* FriendRequestCell.swift */; };
		FB8CDC3520E0101D008EDBF4 /* ConversationViewController.swift in Sources */ = {isa = PBXBuildFile; fileRef = FB8CDC3420E0101D008EDBF4 /* ConversationViewController.swift */; };
		FB8CDC3920E036BF008EDBF4 /* HeaderCell.swift in Sources */ = {isa = PBXBuildFile; fileRef = FB8CDC3820E036BF008EDBF4 /* HeaderCell.swift */; };
		FB8CDC3B20E03808008EDBF4 /* ConversationCell.swift in Sources */ = {isa = PBXBuildFile; fileRef = FB8CDC3A20E03808008EDBF4 /* ConversationCell.swift */; };
		FB8CDC3D20E03956008EDBF4 /* CommentsCell.swift in Sources */ = {isa = PBXBuildFile; fileRef = FB8CDC3C20E03956008EDBF4 /* CommentsCell.swift */; };
		FB9AD0FC20DB17FB002C0C0B /* SettingViewController.swift in Sources */ = {isa = PBXBuildFile; fileRef = FB9AD0FB20DB17FB002C0C0B /* SettingViewController.swift */; };
		FB9AD0FE20DB28C0002C0C0B /* FriendsViewController.swift in Sources */ = {isa = PBXBuildFile; fileRef = FB9AD0FD20DB28C0002C0C0B /* FriendsViewController.swift */; };
		FB9AD10020DB298D002C0C0B /* User.swift in Sources */ = {isa = PBXBuildFile; fileRef = FB9AD0FF20DB298D002C0C0B /* User.swift */; };
		FB9AD10220DB2F9D002C0C0B /* FriendsCell.swift in Sources */ = {isa = PBXBuildFile; fileRef = FB9AD10120DB2F9D002C0C0B /* FriendsCell.swift */; };
		FB9E3DF52183F88900F05E5A /* Comment.swift in Sources */ = {isa = PBXBuildFile; fileRef = FB9E3DF42183F88900F05E5A /* Comment.swift */; };
		FBAB8F2321DF0F0F00152C91 /* Tag.swift in Sources */ = {isa = PBXBuildFile; fileRef = FBAB8F2221DF0F0F00152C91 /* Tag.swift */; };
		FBAB8F2721E1AD9B00152C91 /* Notification.swift in Sources */ = {isa = PBXBuildFile; fileRef = FBAB8F2621E1AD9B00152C91 /* Notification.swift */; };
		FBAB8F2921E2E8A000152C91 /* NotificationCell.swift in Sources */ = {isa = PBXBuildFile; fileRef = FBAB8F2821E2E8A000152C91 /* NotificationCell.swift */; };
		FBC8C61720D0340600E5BD19 /* CreateViewController.swift in Sources */ = {isa = PBXBuildFile; fileRef = FBC8C61620D0340600E5BD19 /* CreateViewController.swift */; };
		FBCD74FF20C74C5200C8EF19 /* NotificationsViewController.swift in Sources */ = {isa = PBXBuildFile; fileRef = FBCD74FE20C74C5200C8EF19 /* NotificationsViewController.swift */; };
		FBE5A5F821CCD189001D0304 /* FriendsTableCell.swift in Sources */ = {isa = PBXBuildFile; fileRef = FBE5A5F721CCD188001D0304 /* FriendsTableCell.swift */; };
		FBF9D4EB20C47722009A189E /* Conversation.swift in Sources */ = {isa = PBXBuildFile; fileRef = FBF9D4EA20C47722009A189E /* Conversation.swift */; };
		FBF9D4F020C484AE009A189E /* AccountViewController.swift in Sources */ = {isa = PBXBuildFile; fileRef = FBF9D4EF20C484AE009A189E /* AccountViewController.swift */; };
		FBFCA74E21E705A400637DCF /* Extensions.swift in Sources */ = {isa = PBXBuildFile; fileRef = FBFCA74D21E705A400637DCF /* Extensions.swift */; };
/* End PBXBuildFile section */

/* Begin PBXContainerItemProxy section */
		FB09253620BEF9960071C1E8 /* PBXContainerItemProxy */ = {
			isa = PBXContainerItemProxy;
			containerPortal = FB09251920BEF9930071C1E8 /* Project object */;
			proxyType = 1;
			remoteGlobalIDString = FB09252020BEF9930071C1E8;
			remoteInfo = smokeroom;
		};
		FB09254120BEF9960071C1E8 /* PBXContainerItemProxy */ = {
			isa = PBXContainerItemProxy;
			containerPortal = FB09251920BEF9930071C1E8 /* Project object */;
			proxyType = 1;
			remoteGlobalIDString = FB09252020BEF9930071C1E8;
			remoteInfo = smokeroom;
		};
/* End PBXContainerItemProxy section */

/* Begin PBXFileReference section */
		20CCFFB9D50F94848D1AF85F /* Pods_smokeroom.framework */ = {isa = PBXFileReference; explicitFileType = wrapper.framework; includeInIndex = 0; path = Pods_smokeroom.framework; sourceTree = BUILT_PRODUCTS_DIR; };
		27F641FA598210A34DED38E8 /* Pods_smokeroomTests.framework */ = {isa = PBXFileReference; explicitFileType = wrapper.framework; includeInIndex = 0; path = Pods_smokeroomTests.framework; sourceTree = BUILT_PRODUCTS_DIR; };
		4277AF8F3A2BC79922854D5D /* Pods_smokeroomUITests.framework */ = {isa = PBXFileReference; explicitFileType = wrapper.framework; includeInIndex = 0; path = Pods_smokeroomUITests.framework; sourceTree = BUILT_PRODUCTS_DIR; };
		C25B6CAA863DE2F4D4A59EBD /* Pods-smokeroom.debug.xcconfig */ = {isa = PBXFileReference; includeInIndex = 1; lastKnownFileType = text.xcconfig; name = "Pods-smokeroom.debug.xcconfig"; path = "Pods/Target Support Files/Pods-smokeroom/Pods-smokeroom.debug.xcconfig"; sourceTree = "<group>"; };
		ED78583990B975F7716B6CD6 /* Pods-smokeroom.release.xcconfig */ = {isa = PBXFileReference; includeInIndex = 1; lastKnownFileType = text.xcconfig; name = "Pods-smokeroom.release.xcconfig"; path = "Pods/Target Support Files/Pods-smokeroom/Pods-smokeroom.release.xcconfig"; sourceTree = "<group>"; };
		FB05A7322188181200DD6EB2 /* RoomsViewController.swift */ = {isa = PBXFileReference; lastKnownFileType = sourcecode.swift; path = RoomsViewController.swift; sourceTree = "<group>"; };
		FB05A7342188184F00DD6EB2 /* HomeViewController.swift */ = {isa = PBXFileReference; lastKnownFileType = sourcecode.swift; path = HomeViewController.swift; sourceTree = "<group>"; };
		FB06C1CC2100168000420EBF /* Helper.swift */ = {isa = PBXFileReference; lastKnownFileType = sourcecode.swift; path = Helper.swift; sourceTree = "<group>"; };
		FB09252120BEF9930071C1E8 /* smokeroom.app */ = {isa = PBXFileReference; explicitFileType = wrapper.application; includeInIndex = 0; path = smokeroom.app; sourceTree = BUILT_PRODUCTS_DIR; };
		FB09252420BEF9930071C1E8 /* AppDelegate.swift */ = {isa = PBXFileReference; lastKnownFileType = sourcecode.swift; path = AppDelegate.swift; sourceTree = "<group>"; };
		FB09252B20BEF9960071C1E8 /* Assets.xcassets */ = {isa = PBXFileReference; lastKnownFileType = folder.assetcatalog; path = Assets.xcassets; sourceTree = "<group>"; };
		FB09253020BEF9960071C1E8 /* Info.plist */ = {isa = PBXFileReference; lastKnownFileType = text.plist.xml; path = Info.plist; sourceTree = "<group>"; };
		FB09253520BEF9960071C1E8 /* smokeroomTests.xctest */ = {isa = PBXFileReference; explicitFileType = wrapper.cfbundle; includeInIndex = 0; path = smokeroomTests.xctest; sourceTree = BUILT_PRODUCTS_DIR; };
		FB09253920BEF9960071C1E8 /* smokeroomTests.swift */ = {isa = PBXFileReference; lastKnownFileType = sourcecode.swift; path = smokeroomTests.swift; sourceTree = "<group>"; };
		FB09253B20BEF9960071C1E8 /* Info.plist */ = {isa = PBXFileReference; lastKnownFileType = text.plist.xml; path = Info.plist; sourceTree = "<group>"; };
		FB09254020BEF9960071C1E8 /* smokeroomUITests.xctest */ = {isa = PBXFileReference; explicitFileType = wrapper.cfbundle; includeInIndex = 0; path = smokeroomUITests.xctest; sourceTree = BUILT_PRODUCTS_DIR; };
		FB09254420BEF9960071C1E8 /* smokeroomUITests.swift */ = {isa = PBXFileReference; lastKnownFileType = sourcecode.swift; path = smokeroomUITests.swift; sourceTree = "<group>"; };
		FB09254620BEF9960071C1E8 /* Info.plist */ = {isa = PBXFileReference; lastKnownFileType = text.plist.xml; path = Info.plist; sourceTree = "<group>"; };
		FB09255420BF07DD0071C1E8 /* anchorExtension.swift */ = {isa = PBXFileReference; lastKnownFileType = sourcecode.swift; path = anchorExtension.swift; sourceTree = "<group>"; };
		FB1007CA21C9B77100ABE789 /* AccountHeader.swift */ = {isa = PBXFileReference; lastKnownFileType = sourcecode.swift; path = AccountHeader.swift; sourceTree = "<group>"; };
		FB1007D021CAAAB400ABE789 /* SearchViewController.swift */ = {isa = PBXFileReference; lastKnownFileType = sourcecode.swift; path = SearchViewController.swift; sourceTree = "<group>"; };
		FB10990520E80A8800BDD2DD /* GoogleService-Info.plist */ = {isa = PBXFileReference; fileEncoding = 4; lastKnownFileType = text.plist.xml; path = "GoogleService-Info.plist"; sourceTree = "<group>"; };
		FB10990720E80FD400BDD2DD /* RegisterViewController.swift */ = {isa = PBXFileReference; lastKnownFileType = sourcecode.swift; path = RegisterViewController.swift; sourceTree = "<group>"; };
		FB10990920E8118300BDD2DD /* RegisterViews.swift */ = {isa = PBXFileReference; lastKnownFileType = sourcecode.swift; path = RegisterViews.swift; sourceTree = "<group>"; };
		FB294E5F21D1C467009CE9D1 /* FriendRequest.swift */ = {isa = PBXFileReference; lastKnownFileType = sourcecode.swift; path = FriendRequest.swift; sourceTree = "<group>"; };
		FB294E6121D1DD9D009CE9D1 /* FriendRequestCell.swift */ = {isa = PBXFileReference; lastKnownFileType = sourcecode.swift; path = FriendRequestCell.swift; sourceTree = "<group>"; };
		FB8CDC3420E0101D008EDBF4 /* ConversationViewController.swift */ = {isa = PBXFileReference; lastKnownFileType = sourcecode.swift; path = ConversationViewController.swift; sourceTree = "<group>"; };
		FB8CDC3820E036BF008EDBF4 /* HeaderCell.swift */ = {isa = PBXFileReference; lastKnownFileType = sourcecode.swift; path = HeaderCell.swift; sourceTree = "<group>"; };
		FB8CDC3A20E03808008EDBF4 /* ConversationCell.swift */ = {isa = PBXFileReference; fileEncoding = 4; lastKnownFileType = sourcecode.swift; path = ConversationCell.swift; sourceTree = "<group>"; };
		FB8CDC3C20E03956008EDBF4 /* CommentsCell.swift */ = {isa = PBXFileReference; lastKnownFileType = sourcecode.swift; path = CommentsCell.swift; sourceTree = "<group>"; };
		FB9AD0FB20DB17FB002C0C0B /* SettingViewController.swift */ = {isa = PBXFileReference; lastKnownFileType = sourcecode.swift; path = SettingViewController.swift; sourceTree = "<group>"; };
		FB9AD0FD20DB28C0002C0C0B /* FriendsViewController.swift */ = {isa = PBXFileReference; lastKnownFileType = sourcecode.swift; path = FriendsViewController.swift; sourceTree = "<group>"; };
		FB9AD0FF20DB298D002C0C0B /* User.swift */ = {isa = PBXFileReference; lastKnownFileType = sourcecode.swift; path = User.swift; sourceTree = "<group>"; };
		FB9AD10120DB2F9D002C0C0B /* FriendsCell.swift */ = {isa = PBXFileReference; lastKnownFileType = sourcecode.swift; path = FriendsCell.swift; sourceTree = "<group>"; };
		FB9E3DF42183F88900F05E5A /* Comment.swift */ = {isa = PBXFileReference; lastKnownFileType = sourcecode.swift; path = Comment.swift; sourceTree = "<group>"; };
		FBAB8F2221DF0F0F00152C91 /* Tag.swift */ = {isa = PBXFileReference; lastKnownFileType = sourcecode.swift; path = Tag.swift; sourceTree = "<group>"; };
		FBAB8F2621E1AD9B00152C91 /* Notification.swift */ = {isa = PBXFileReference; lastKnownFileType = sourcecode.swift; path = Notification.swift; sourceTree = "<group>"; };
		FBAB8F2821E2E8A000152C91 /* NotificationCell.swift */ = {isa = PBXFileReference; lastKnownFileType = sourcecode.swift; path = NotificationCell.swift; sourceTree = "<group>"; };
		FBC8C61620D0340600E5BD19 /* CreateViewController.swift */ = {isa = PBXFileReference; lastKnownFileType = sourcecode.swift; path = CreateViewController.swift; sourceTree = "<group>"; };
		FBCD74FE20C74C5200C8EF19 /* NotificationsViewController.swift */ = {isa = PBXFileReference; lastKnownFileType = sourcecode.swift; path = NotificationsViewController.swift; sourceTree = "<group>"; };
		FBE5A5F721CCD188001D0304 /* FriendsTableCell.swift */ = {isa = PBXFileReference; lastKnownFileType = sourcecode.swift; path = FriendsTableCell.swift; sourceTree = "<group>"; };
		FBF9D4EA20C47722009A189E /* Conversation.swift */ = {isa = PBXFileReference; lastKnownFileType = sourcecode.swift; path = Conversation.swift; sourceTree = "<group>"; };
		FBF9D4EF20C484AE009A189E /* AccountViewController.swift */ = {isa = PBXFileReference; lastKnownFileType = sourcecode.swift; path = AccountViewController.swift; sourceTree = "<group>"; };
		FBFCA74D21E705A400637DCF /* Extensions.swift */ = {isa = PBXFileReference; lastKnownFileType = sourcecode.swift; path = Extensions.swift; sourceTree = "<group>"; };
/* End PBXFileReference section */

/* Begin PBXFrameworksBuildPhase section */
		FB09251E20BEF9930071C1E8 /* Frameworks */ = {
			isa = PBXFrameworksBuildPhase;
			buildActionMask = 2147483647;
			files = (
				F57CF968618AC9C9172F46B5 /* Pods_smokeroom.framework in Frameworks */,
			);
			runOnlyForDeploymentPostprocessing = 0;
		};
		FB09253220BEF9960071C1E8 /* Frameworks */ = {
			isa = PBXFrameworksBuildPhase;
			buildActionMask = 2147483647;
			files = (
			);
			runOnlyForDeploymentPostprocessing = 0;
		};
		FB09253D20BEF9960071C1E8 /* Frameworks */ = {
			isa = PBXFrameworksBuildPhase;
			buildActionMask = 2147483647;
			files = (
			);
			runOnlyForDeploymentPostprocessing = 0;
		};
/* End PBXFrameworksBuildPhase section */

/* Begin PBXGroup section */
		A18336C49B9DC56C93661188 /* Pods */ = {
			isa = PBXGroup;
			children = (
				C25B6CAA863DE2F4D4A59EBD /* Pods-smokeroom.debug.xcconfig */,
				ED78583990B975F7716B6CD6 /* Pods-smokeroom.release.xcconfig */,
			);
			name = Pods;
			sourceTree = "<group>";
		};
		DBBCEC1FB6A1A9CF58061140 /* Frameworks */ = {
			isa = PBXGroup;
			children = (
				20CCFFB9D50F94848D1AF85F /* Pods_smokeroom.framework */,
				27F641FA598210A34DED38E8 /* Pods_smokeroomTests.framework */,
				4277AF8F3A2BC79922854D5D /* Pods_smokeroomUITests.framework */,
			);
			name = Frameworks;
			sourceTree = "<group>";
		};
		FB09251820BEF9930071C1E8 = {
			isa = PBXGroup;
			children = (
				FB09252320BEF9930071C1E8 /* smokeroom */,
				FB09253820BEF9960071C1E8 /* smokeroomTests */,
				FB09254320BEF9960071C1E8 /* smokeroomUITests */,
				FB09252220BEF9930071C1E8 /* Products */,
				A18336C49B9DC56C93661188 /* Pods */,
				DBBCEC1FB6A1A9CF58061140 /* Frameworks */,
			);
			sourceTree = "<group>";
		};
		FB09252220BEF9930071C1E8 /* Products */ = {
			isa = PBXGroup;
			children = (
				FB09252120BEF9930071C1E8 /* smokeroom.app */,
				FB09253520BEF9960071C1E8 /* smokeroomTests.xctest */,
				FB09254020BEF9960071C1E8 /* smokeroomUITests.xctest */,
			);
			name = Products;
			sourceTree = "<group>";
		};
		FB09252320BEF9930071C1E8 /* smokeroom */ = {
			isa = PBXGroup;
			children = (
				FB09252420BEF9930071C1E8 /* AppDelegate.swift */,
				FB06C1CC2100168000420EBF /* Helper.swift */,
				FB09255420BF07DD0071C1E8 /* anchorExtension.swift */,
				FBFCA74C21E7056800637DCF /* helpers */,
				FBF9D4EE20C47F3B009A189E /* views */,
				FBF9D4ED20C47F2F009A189E /* models */,
				FBF9D4EC20C47F08009A189E /* controllers */,
				FB09252B20BEF9960071C1E8 /* Assets.xcassets */,
				FB09253020BEF9960071C1E8 /* Info.plist */,
				FB10990520E80A8800BDD2DD /* GoogleService-Info.plist */,
			);
			path = smokeroom;
			sourceTree = "<group>";
		};
		FB09253820BEF9960071C1E8 /* smokeroomTests */ = {
			isa = PBXGroup;
			children = (
				FB09253920BEF9960071C1E8 /* smokeroomTests.swift */,
				FB09253B20BEF9960071C1E8 /* Info.plist */,
			);
			path = smokeroomTests;
			sourceTree = "<group>";
		};
		FB09254320BEF9960071C1E8 /* smokeroomUITests */ = {
			isa = PBXGroup;
			children = (
				FB09254420BEF9960071C1E8 /* smokeroomUITests.swift */,
				FB09254620BEF9960071C1E8 /* Info.plist */,
			);
			path = smokeroomUITests;
			sourceTree = "<group>";
		};
		FBF9D4EC20C47F08009A189E /* controllers */ = {
			isa = PBXGroup;
			children = (
				FB05A7342188184F00DD6EB2 /* HomeViewController.swift */,
				FB05A7322188181200DD6EB2 /* RoomsViewController.swift */,
				FB8CDC3420E0101D008EDBF4 /* ConversationViewController.swift */,
				FBC8C61620D0340600E5BD19 /* CreateViewController.swift */,
				FBF9D4EF20C484AE009A189E /* AccountViewController.swift */,
				FB9AD0FB20DB17FB002C0C0B /* SettingViewController.swift */,
				FB9AD0FD20DB28C0002C0C0B /* FriendsViewController.swift */,
				FB1007D021CAAAB400ABE789 /* SearchViewController.swift */,
				FB10990720E80FD400BDD2DD /* RegisterViewController.swift */,
				FBCD74FE20C74C5200C8EF19 /* NotificationsViewController.swift */,
			);
			path = controllers;
			sourceTree = "<group>";
		};
		FBF9D4ED20C47F2F009A189E /* models */ = {
			isa = PBXGroup;
			children = (
				FBF9D4EA20C47722009A189E /* Conversation.swift */,
				FB9AD0FF20DB298D002C0C0B /* User.swift */,
				FB9E3DF42183F88900F05E5A /* Comment.swift */,
				FB294E5F21D1C467009CE9D1 /* FriendRequest.swift */,
				FBAB8F2221DF0F0F00152C91 /* Tag.swift */,
				FBAB8F2621E1AD9B00152C91 /* Notification.swift */,
			);
			path = models;
			sourceTree = "<group>";
		};
		FBF9D4EE20C47F3B009A189E /* views */ = {
			isa = PBXGroup;
			children = (
				FB9AD10120DB2F9D002C0C0B /* FriendsCell.swift */,
				FB294E6121D1DD9D009CE9D1 /* FriendRequestCell.swift */,
				FBE5A5F721CCD188001D0304 /* FriendsTableCell.swift */,
				FB8CDC3A20E03808008EDBF4 /* ConversationCell.swift */,
				FB8CDC3820E036BF008EDBF4 /* HeaderCell.swift */,
				FB8CDC3C20E03956008EDBF4 /* CommentsCell.swift */,
				FB10990920E8118300BDD2DD /* RegisterViews.swift */,
				FB1007CA21C9B77100ABE789 /* AccountHeader.swift */,
				FBAB8F2821E2E8A000152C91 /* NotificationCell.swift */,
			);
			path = views;
			sourceTree = "<group>";
		};
		FBFCA74C21E7056800637DCF /* helpers */ = {
			isa = PBXGroup;
			children = (
				FBFCA74D21E705A400637DCF /* Extensions.swift */,
			);
			path = helpers;
			sourceTree = "<group>";
		};
/* End PBXGroup section */

/* Begin PBXNativeTarget section */
		FB09252020BEF9930071C1E8 /* smokeroom */ = {
			isa = PBXNativeTarget;
			buildConfigurationList = FB09254920BEF9960071C1E8 /* Build configuration list for PBXNativeTarget "smokeroom" */;
			buildPhases = (
				348C971FE398C9A80786B40F /* [CP] Check Pods Manifest.lock */,
				FB09251D20BEF9930071C1E8 /* Sources */,
				FB09251E20BEF9930071C1E8 /* Frameworks */,
				FB09251F20BEF9930071C1E8 /* Resources */,
				CD84709CF99392145F915CE7 /* [CP] Embed Pods Frameworks */,
			);
			buildRules = (
			);
			dependencies = (
			);
			name = smokeroom;
			productName = smokeroom;
			productReference = FB09252120BEF9930071C1E8 /* smokeroom.app */;
			productType = "com.apple.product-type.application";
		};
		FB09253420BEF9960071C1E8 /* smokeroomTests */ = {
			isa = PBXNativeTarget;
			buildConfigurationList = FB09254C20BEF9960071C1E8 /* Build configuration list for PBXNativeTarget "smokeroomTests" */;
			buildPhases = (
				FB09253120BEF9960071C1E8 /* Sources */,
				FB09253220BEF9960071C1E8 /* Frameworks */,
				FB09253320BEF9960071C1E8 /* Resources */,
			);
			buildRules = (
			);
			dependencies = (
				FB09253720BEF9960071C1E8 /* PBXTargetDependency */,
			);
			name = smokeroomTests;
			productName = smokeroomTests;
			productReference = FB09253520BEF9960071C1E8 /* smokeroomTests.xctest */;
			productType = "com.apple.product-type.bundle.unit-test";
		};
		FB09253F20BEF9960071C1E8 /* smokeroomUITests */ = {
			isa = PBXNativeTarget;
			buildConfigurationList = FB09254F20BEF9960071C1E8 /* Build configuration list for PBXNativeTarget "smokeroomUITests" */;
			buildPhases = (
				FB09253C20BEF9960071C1E8 /* Sources */,
				FB09253D20BEF9960071C1E8 /* Frameworks */,
				FB09253E20BEF9960071C1E8 /* Resources */,
			);
			buildRules = (
			);
			dependencies = (
				FB09254220BEF9960071C1E8 /* PBXTargetDependency */,
			);
			name = smokeroomUITests;
			productName = smokeroomUITests;
			productReference = FB09254020BEF9960071C1E8 /* smokeroomUITests.xctest */;
			productType = "com.apple.product-type.bundle.ui-testing";
		};
/* End PBXNativeTarget section */

/* Begin PBXProject section */
		FB09251920BEF9930071C1E8 /* Project object */ = {
			isa = PBXProject;
			attributes = {
				LastSwiftUpdateCheck = 0930;
				LastUpgradeCheck = 0930;
				ORGANIZATIONNAME = "Austin Kim";
				TargetAttributes = {
					FB09252020BEF9930071C1E8 = {
						CreatedOnToolsVersion = 9.3.1;
					};
					FB09253420BEF9960071C1E8 = {
						CreatedOnToolsVersion = 9.3.1;
						TestTargetID = FB09252020BEF9930071C1E8;
					};
					FB09253F20BEF9960071C1E8 = {
						CreatedOnToolsVersion = 9.3.1;
						TestTargetID = FB09252020BEF9930071C1E8;
					};
				};
			};
			buildConfigurationList = FB09251C20BEF9930071C1E8 /* Build configuration list for PBXProject "smokeroom" */;
			compatibilityVersion = "Xcode 9.3";
			developmentRegion = en;
			hasScannedForEncodings = 0;
			knownRegions = (
				en,
				Base,
			);
			mainGroup = FB09251820BEF9930071C1E8;
			productRefGroup = FB09252220BEF9930071C1E8 /* Products */;
			projectDirPath = "";
			projectRoot = "";
			targets = (
				FB09252020BEF9930071C1E8 /* smokeroom */,
				FB09253420BEF9960071C1E8 /* smokeroomTests */,
				FB09253F20BEF9960071C1E8 /* smokeroomUITests */,
			);
		};
/* End PBXProject section */

/* Begin PBXResourcesBuildPhase section */
		FB09251F20BEF9930071C1E8 /* Resources */ = {
			isa = PBXResourcesBuildPhase;
			buildActionMask = 2147483647;
			files = (
				FB09252C20BEF9960071C1E8 /* Assets.xcassets in Resources */,
				FB10990620E80A8900BDD2DD /* GoogleService-Info.plist in Resources */,
			);
			runOnlyForDeploymentPostprocessing = 0;
		};
		FB09253320BEF9960071C1E8 /* Resources */ = {
			isa = PBXResourcesBuildPhase;
			buildActionMask = 2147483647;
			files = (
			);
			runOnlyForDeploymentPostprocessing = 0;
		};
		FB09253E20BEF9960071C1E8 /* Resources */ = {
			isa = PBXResourcesBuildPhase;
			buildActionMask = 2147483647;
			files = (
			);
			runOnlyForDeploymentPostprocessing = 0;
		};
/* End PBXResourcesBuildPhase section */

/* Begin PBXShellScriptBuildPhase section */
		348C971FE398C9A80786B40F /* [CP] Check Pods Manifest.lock */ = {
			isa = PBXShellScriptBuildPhase;
			buildActionMask = 2147483647;
			files = (
			);
			inputPaths = (
				"${PODS_PODFILE_DIR_PATH}/Podfile.lock",
				"${PODS_ROOT}/Manifest.lock",
			);
			name = "[CP] Check Pods Manifest.lock";
			outputPaths = (
				"$(DERIVED_FILE_DIR)/Pods-smokeroom-checkManifestLockResult.txt",
			);
			runOnlyForDeploymentPostprocessing = 0;
			shellPath = /bin/sh;
			shellScript = "diff \"${PODS_PODFILE_DIR_PATH}/Podfile.lock\" \"${PODS_ROOT}/Manifest.lock\" > /dev/null\nif [ $? != 0 ] ; then\n    # print error to STDERR\n    echo \"error: The sandbox is not in sync with the Podfile.lock. Run 'pod install' or update your CocoaPods installation.\" >&2\n    exit 1\nfi\n# This output is used by Xcode 'outputs' to avoid re-running this script phase.\necho \"SUCCESS\" > \"${SCRIPT_OUTPUT_FILE_0}\"\n";
			showEnvVarsInLog = 0;
		};
		CD84709CF99392145F915CE7 /* [CP] Embed Pods Frameworks */ = {
			isa = PBXShellScriptBuildPhase;
			buildActionMask = 2147483647;
			files = (
			);
			inputPaths = (
				"${SRCROOT}/Pods/Target Support Files/Pods-smokeroom/Pods-smokeroom-frameworks.sh",
				"${BUILT_PRODUCTS_DIR}/BoringSSL/openssl.framework",
				"${BUILT_PRODUCTS_DIR}/GTMSessionFetcher/GTMSessionFetcher.framework",
				"${BUILT_PRODUCTS_DIR}/GoogleToolboxForMac/GoogleToolboxForMac.framework",
				"${BUILT_PRODUCTS_DIR}/InstantSearch/InstantSearch.framework",
				"${BUILT_PRODUCTS_DIR}/InstantSearchClient/InstantSearchClient.framework",
				"${BUILT_PRODUCTS_DIR}/InstantSearchCore/InstantSearchCore.framework",
				"${BUILT_PRODUCTS_DIR}/Protobuf/Protobuf.framework",
				"${BUILT_PRODUCTS_DIR}/gRPC/GRPCClient.framework",
				"${BUILT_PRODUCTS_DIR}/gRPC-Core/grpc.framework",
				"${BUILT_PRODUCTS_DIR}/gRPC-ProtoRPC/ProtoRPC.framework",
				"${BUILT_PRODUCTS_DIR}/gRPC-RxLibrary/RxLibrary.framework",
				"${BUILT_PRODUCTS_DIR}/leveldb-library/leveldb.framework",
				"${BUILT_PRODUCTS_DIR}/nanopb/nanopb.framework",
			);
			name = "[CP] Embed Pods Frameworks";
			outputPaths = (
				"${TARGET_BUILD_DIR}/${FRAMEWORKS_FOLDER_PATH}/openssl.framework",
				"${TARGET_BUILD_DIR}/${FRAMEWORKS_FOLDER_PATH}/GTMSessionFetcher.framework",
				"${TARGET_BUILD_DIR}/${FRAMEWORKS_FOLDER_PATH}/GoogleToolboxForMac.framework",
				"${TARGET_BUILD_DIR}/${FRAMEWORKS_FOLDER_PATH}/InstantSearch.framework",
				"${TARGET_BUILD_DIR}/${FRAMEWORKS_FOLDER_PATH}/InstantSearchClient.framework",
				"${TARGET_BUILD_DIR}/${FRAMEWORKS_FOLDER_PATH}/InstantSearchCore.framework",
				"${TARGET_BUILD_DIR}/${FRAMEWORKS_FOLDER_PATH}/Protobuf.framework",
				"${TARGET_BUILD_DIR}/${FRAMEWORKS_FOLDER_PATH}/GRPCClient.framework",
				"${TARGET_BUILD_DIR}/${FRAMEWORKS_FOLDER_PATH}/grpc.framework",
				"${TARGET_BUILD_DIR}/${FRAMEWORKS_FOLDER_PATH}/ProtoRPC.framework",
				"${TARGET_BUILD_DIR}/${FRAMEWORKS_FOLDER_PATH}/RxLibrary.framework",
				"${TARGET_BUILD_DIR}/${FRAMEWORKS_FOLDER_PATH}/leveldb.framework",
				"${TARGET_BUILD_DIR}/${FRAMEWORKS_FOLDER_PATH}/nanopb.framework",
			);
			runOnlyForDeploymentPostprocessing = 0;
			shellPath = /bin/sh;
			shellScript = "\"${SRCROOT}/Pods/Target Support Files/Pods-smokeroom/Pods-smokeroom-frameworks.sh\"\n";
			showEnvVarsInLog = 0;
		};
/* End PBXShellScriptBuildPhase section */

/* Begin PBXSourcesBuildPhase section */
		FB09251D20BEF9930071C1E8 /* Sources */ = {
			isa = PBXSourcesBuildPhase;
			buildActionMask = 2147483647;
			files = (
				FB8CDC3520E0101D008EDBF4 /* ConversationViewController.swift in Sources */,
				FB09252520BEF9930071C1E8 /* AppDelegate.swift in Sources */,
				FBC8C61720D0340600E5BD19 /* CreateViewController.swift in Sources */,
				FB8CDC3D20E03956008EDBF4 /* CommentsCell.swift in Sources */,
				FBF9D4F020C484AE009A189E /* AccountViewController.swift in Sources */,
				FB294E6221D1DD9D009CE9D1 /* FriendRequestCell.swift in Sources */,
				FB05A7352188184F00DD6EB2 /* HomeViewController.swift in Sources */,
				FBFCA74E21E705A400637DCF /* Extensions.swift in Sources */,
				FB1007CB21C9B77100ABE789 /* AccountHeader.swift in Sources */,
				FB06C1CD2100168000420EBF /* Helper.swift in Sources */,
				FB9AD0FC20DB17FB002C0C0B /* SettingViewController.swift in Sources */,
				FB9AD0FE20DB28C0002C0C0B /* FriendsViewController.swift in Sources */,
				FB9E3DF52183F88900F05E5A /* Comment.swift in Sources */,
				FBE5A5F821CCD189001D0304 /* FriendsTableCell.swift in Sources */,
				FB05A7332188181200DD6EB2 /* RoomsViewController.swift in Sources */,
				FB1007D121CAAAB400ABE789 /* SearchViewController.swift in Sources */,
				FB10990820E80FD400BDD2DD /* RegisterViewController.swift in Sources */,
				FB294E6021D1C467009CE9D1 /* FriendRequest.swift in Sources */,
				FB10990A20E8118300BDD2DD /* RegisterViews.swift in Sources */,
				FB09255520BF07DD0071C1E8 /* anchorExtension.swift in Sources */,
				FB9AD10220DB2F9D002C0C0B /* FriendsCell.swift in Sources */,
				FBAB8F2921E2E8A000152C91 /* NotificationCell.swift in Sources */,
				FB8CDC3920E036BF008EDBF4 /* HeaderCell.swift in Sources */,
				FB9AD10020DB298D002C0C0B /* User.swift in Sources */,
				FB8CDC3B20E03808008EDBF4 /* ConversationCell.swift in Sources */,
				FBAB8F2721E1AD9B00152C91 /* Notification.swift in Sources */,
				FBAB8F2321DF0F0F00152C91 /* Tag.swift in Sources */,
				FBF9D4EB20C47722009A189E /* Conversation.swift in Sources */,
				FBCD74FF20C74C5200C8EF19 /* NotificationsViewController.swift in Sources */,
			);
			runOnlyForDeploymentPostprocessing = 0;
		};
		FB09253120BEF9960071C1E8 /* Sources */ = {
			isa = PBXSourcesBuildPhase;
			buildActionMask = 2147483647;
			files = (
				FB09253A20BEF9960071C1E8 /* smokeroomTests.swift in Sources */,
			);
			runOnlyForDeploymentPostprocessing = 0;
		};
		FB09253C20BEF9960071C1E8 /* Sources */ = {
			isa = PBXSourcesBuildPhase;
			buildActionMask = 2147483647;
			files = (
				FB09254520BEF9960071C1E8 /* smokeroomUITests.swift in Sources */,
			);
			runOnlyForDeploymentPostprocessing = 0;
		};
/* End PBXSourcesBuildPhase section */

/* Begin PBXTargetDependency section */
		FB09253720BEF9960071C1E8 /* PBXTargetDependency */ = {
			isa = PBXTargetDependency;
			target = FB09252020BEF9930071C1E8 /* smokeroom */;
			targetProxy = FB09253620BEF9960071C1E8 /* PBXContainerItemProxy */;
		};
		FB09254220BEF9960071C1E8 /* PBXTargetDependency */ = {
			isa = PBXTargetDependency;
			target = FB09252020BEF9930071C1E8 /* smokeroom */;
			targetProxy = FB09254120BEF9960071C1E8 /* PBXContainerItemProxy */;
		};
/* End PBXTargetDependency section */

/* Begin XCBuildConfiguration section */
		FB09254720BEF9960071C1E8 /* Debug */ = {
			isa = XCBuildConfiguration;
			buildSettings = {
				ALWAYS_SEARCH_USER_PATHS = NO;
				CLANG_ANALYZER_NONNULL = YES;
				CLANG_ANALYZER_NUMBER_OBJECT_CONVERSION = YES_AGGRESSIVE;
				CLANG_CXX_LANGUAGE_STANDARD = "gnu++14";
				CLANG_CXX_LIBRARY = "libc++";
				CLANG_ENABLE_MODULES = YES;
				CLANG_ENABLE_OBJC_ARC = YES;
				CLANG_ENABLE_OBJC_WEAK = YES;
				CLANG_WARN_BLOCK_CAPTURE_AUTORELEASING = YES;
				CLANG_WARN_BOOL_CONVERSION = YES;
				CLANG_WARN_COMMA = YES;
				CLANG_WARN_CONSTANT_CONVERSION = YES;
				CLANG_WARN_DEPRECATED_OBJC_IMPLEMENTATIONS = YES;
				CLANG_WARN_DIRECT_OBJC_ISA_USAGE = YES_ERROR;
				CLANG_WARN_DOCUMENTATION_COMMENTS = YES;
				CLANG_WARN_EMPTY_BODY = YES;
				CLANG_WARN_ENUM_CONVERSION = YES;
				CLANG_WARN_INFINITE_RECURSION = YES;
				CLANG_WARN_INT_CONVERSION = YES;
				CLANG_WARN_NON_LITERAL_NULL_CONVERSION = YES;
				CLANG_WARN_OBJC_IMPLICIT_RETAIN_SELF = YES;
				CLANG_WARN_OBJC_LITERAL_CONVERSION = YES;
				CLANG_WARN_OBJC_ROOT_CLASS = YES_ERROR;
				CLANG_WARN_RANGE_LOOP_ANALYSIS = YES;
				CLANG_WARN_STRICT_PROTOTYPES = YES;
				CLANG_WARN_SUSPICIOUS_MOVE = YES;
				CLANG_WARN_UNGUARDED_AVAILABILITY = YES_AGGRESSIVE;
				CLANG_WARN_UNREACHABLE_CODE = YES;
				CLANG_WARN__DUPLICATE_METHOD_MATCH = YES;
				CODE_SIGN_IDENTITY = "iPhone Developer";
				COPY_PHASE_STRIP = NO;
				DEBUG_INFORMATION_FORMAT = dwarf;
				ENABLE_STRICT_OBJC_MSGSEND = YES;
				ENABLE_TESTABILITY = YES;
				GCC_C_LANGUAGE_STANDARD = gnu11;
				GCC_DYNAMIC_NO_PIC = NO;
				GCC_NO_COMMON_BLOCKS = YES;
				GCC_OPTIMIZATION_LEVEL = 0;
				GCC_PREPROCESSOR_DEFINITIONS = (
					"DEBUG=1",
					"$(inherited)",
				);
				GCC_WARN_64_TO_32_BIT_CONVERSION = YES;
				GCC_WARN_ABOUT_RETURN_TYPE = YES_ERROR;
				GCC_WARN_UNDECLARED_SELECTOR = YES;
				GCC_WARN_UNINITIALIZED_AUTOS = YES_AGGRESSIVE;
				GCC_WARN_UNUSED_FUNCTION = YES;
				GCC_WARN_UNUSED_VARIABLE = YES;
				IPHONEOS_DEPLOYMENT_TARGET = 11.3;
				MTL_ENABLE_DEBUG_INFO = YES;
				ONLY_ACTIVE_ARCH = YES;
				SDKROOT = iphoneos;
				SWIFT_ACTIVE_COMPILATION_CONDITIONS = DEBUG;
				SWIFT_OPTIMIZATION_LEVEL = "-Onone";
			};
			name = Debug;
		};
		FB09254820BEF9960071C1E8 /* Release */ = {
			isa = XCBuildConfiguration;
			buildSettings = {
				ALWAYS_SEARCH_USER_PATHS = NO;
				CLANG_ANALYZER_NONNULL = YES;
				CLANG_ANALYZER_NUMBER_OBJECT_CONVERSION = YES_AGGRESSIVE;
				CLANG_CXX_LANGUAGE_STANDARD = "gnu++14";
				CLANG_CXX_LIBRARY = "libc++";
				CLANG_ENABLE_MODULES = YES;
				CLANG_ENABLE_OBJC_ARC = YES;
				CLANG_ENABLE_OBJC_WEAK = YES;
				CLANG_WARN_BLOCK_CAPTURE_AUTORELEASING = YES;
				CLANG_WARN_BOOL_CONVERSION = YES;
				CLANG_WARN_COMMA = YES;
				CLANG_WARN_CONSTANT_CONVERSION = YES;
				CLANG_WARN_DEPRECATED_OBJC_IMPLEMENTATIONS = YES;
				CLANG_WARN_DIRECT_OBJC_ISA_USAGE = YES_ERROR;
				CLANG_WARN_DOCUMENTATION_COMMENTS = YES;
				CLANG_WARN_EMPTY_BODY = YES;
				CLANG_WARN_ENUM_CONVERSION = YES;
				CLANG_WARN_INFINITE_RECURSION = YES;
				CLANG_WARN_INT_CONVERSION = YES;
				CLANG_WARN_NON_LITERAL_NULL_CONVERSION = YES;
				CLANG_WARN_OBJC_IMPLICIT_RETAIN_SELF = YES;
				CLANG_WARN_OBJC_LITERAL_CONVERSION = YES;
				CLANG_WARN_OBJC_ROOT_CLASS = YES_ERROR;
				CLANG_WARN_RANGE_LOOP_ANALYSIS = YES;
				CLANG_WARN_STRICT_PROTOTYPES = YES;
				CLANG_WARN_SUSPICIOUS_MOVE = YES;
				CLANG_WARN_UNGUARDED_AVAILABILITY = YES_AGGRESSIVE;
				CLANG_WARN_UNREACHABLE_CODE = YES;
				CLANG_WARN__DUPLICATE_METHOD_MATCH = YES;
				CODE_SIGN_IDENTITY = "iPhone Developer";
				COPY_PHASE_STRIP = NO;
				DEBUG_INFORMATION_FORMAT = "dwarf-with-dsym";
				ENABLE_NS_ASSERTIONS = NO;
				ENABLE_STRICT_OBJC_MSGSEND = YES;
				GCC_C_LANGUAGE_STANDARD = gnu11;
				GCC_NO_COMMON_BLOCKS = YES;
				GCC_WARN_64_TO_32_BIT_CONVERSION = YES;
				GCC_WARN_ABOUT_RETURN_TYPE = YES_ERROR;
				GCC_WARN_UNDECLARED_SELECTOR = YES;
				GCC_WARN_UNINITIALIZED_AUTOS = YES_AGGRESSIVE;
				GCC_WARN_UNUSED_FUNCTION = YES;
				GCC_WARN_UNUSED_VARIABLE = YES;
				IPHONEOS_DEPLOYMENT_TARGET = 11.3;
				MTL_ENABLE_DEBUG_INFO = NO;
				SDKROOT = iphoneos;
				SWIFT_COMPILATION_MODE = wholemodule;
				SWIFT_OPTIMIZATION_LEVEL = "-O";
				VALIDATE_PRODUCT = YES;
			};
			name = Release;
		};
		FB09254A20BEF9960071C1E8 /* Debug */ = {
			isa = XCBuildConfiguration;
			baseConfigurationReference = C25B6CAA863DE2F4D4A59EBD /* Pods-smokeroom.debug.xcconfig */;
			buildSettings = {
				ASSETCATALOG_COMPILER_APPICON_NAME = AppIcon;
				CODE_SIGN_STYLE = Automatic;
				DEVELOPMENT_TEAM = M4LV7HBRL7;
				INFOPLIST_FILE = smokeroom/Info.plist;
				LD_RUNPATH_SEARCH_PATHS = (
					"$(inherited)",
					"@executable_path/Frameworks",
				);
				PRODUCT_BUNDLE_IDENTIFIER = kimboss.smokeroom;
				PRODUCT_NAME = "$(TARGET_NAME)";
				SWIFT_VERSION = 4.0;
				TARGETED_DEVICE_FAMILY = "1,2";
			};
			name = Debug;
		};
		FB09254B20BEF9960071C1E8 /* Release */ = {
			isa = XCBuildConfiguration;
			baseConfigurationReference = ED78583990B975F7716B6CD6 /* Pods-smokeroom.release.xcconfig */;
			buildSettings = {
				ASSETCATALOG_COMPILER_APPICON_NAME = AppIcon;
				CODE_SIGN_STYLE = Automatic;
				DEVELOPMENT_TEAM = M4LV7HBRL7;
				INFOPLIST_FILE = smokeroom/Info.plist;
				LD_RUNPATH_SEARCH_PATHS = (
					"$(inherited)",
					"@executable_path/Frameworks",
				);
				PRODUCT_BUNDLE_IDENTIFIER = kimboss.smokeroom;
				PRODUCT_NAME = "$(TARGET_NAME)";
				SWIFT_VERSION = 4.0;
				TARGETED_DEVICE_FAMILY = "1,2";
			};
			name = Release;
		};
		FB09254D20BEF9960071C1E8 /* Debug */ = {
			isa = XCBuildConfiguration;
			buildSettings = {
				ALWAYS_EMBED_SWIFT_STANDARD_LIBRARIES = YES;
				BUNDLE_LOADER = "$(TEST_HOST)";
				CODE_SIGN_STYLE = Automatic;
				INFOPLIST_FILE = smokeroomTests/Info.plist;
				LD_RUNPATH_SEARCH_PATHS = (
					"$(inherited)",
					"@executable_path/Frameworks",
					"@loader_path/Frameworks",
				);
				PRODUCT_BUNDLE_IDENTIFIER = kimboss.smokeroomTests;
				PRODUCT_NAME = "$(TARGET_NAME)";
				SWIFT_VERSION = 4.0;
				TARGETED_DEVICE_FAMILY = "1,2";
				TEST_HOST = "$(BUILT_PRODUCTS_DIR)/smokeroom.app/smokeroom";
			};
			name = Debug;
		};
		FB09254E20BEF9960071C1E8 /* Release */ = {
			isa = XCBuildConfiguration;
			buildSettings = {
				ALWAYS_EMBED_SWIFT_STANDARD_LIBRARIES = YES;
				BUNDLE_LOADER = "$(TEST_HOST)";
				CODE_SIGN_STYLE = Automatic;
				INFOPLIST_FILE = smokeroomTests/Info.plist;
				LD_RUNPATH_SEARCH_PATHS = (
					"$(inherited)",
					"@executable_path/Frameworks",
					"@loader_path/Frameworks",
				);
				PRODUCT_BUNDLE_IDENTIFIER = kimboss.smokeroomTests;
				PRODUCT_NAME = "$(TARGET_NAME)";
				SWIFT_VERSION = 4.0;
				TARGETED_DEVICE_FAMILY = "1,2";
				TEST_HOST = "$(BUILT_PRODUCTS_DIR)/smokeroom.app/smokeroom";
			};
			name = Release;
		};
		FB09255020BEF9960071C1E8 /* Debug */ = {
			isa = XCBuildConfiguration;
			buildSettings = {
				ALWAYS_EMBED_SWIFT_STANDARD_LIBRARIES = YES;
				CODE_SIGN_STYLE = Automatic;
				INFOPLIST_FILE = smokeroomUITests/Info.plist;
				LD_RUNPATH_SEARCH_PATHS = (
					"$(inherited)",
					"@executable_path/Frameworks",
					"@loader_path/Frameworks",
				);
				PRODUCT_BUNDLE_IDENTIFIER = kimboss.smokeroomUITests;
				PRODUCT_NAME = "$(TARGET_NAME)";
				SWIFT_VERSION = 4.0;
				TARGETED_DEVICE_FAMILY = "1,2";
				TEST_TARGET_NAME = smokeroom;
			};
			name = Debug;
		};
		FB09255120BEF9960071C1E8 /* Release */ = {
			isa = XCBuildConfiguration;
			buildSettings = {
				ALWAYS_EMBED_SWIFT_STANDARD_LIBRARIES = YES;
				CODE_SIGN_STYLE = Automatic;
				INFOPLIST_FILE = smokeroomUITests/Info.plist;
				LD_RUNPATH_SEARCH_PATHS = (
					"$(inherited)",
					"@executable_path/Frameworks",
					"@loader_path/Frameworks",
				);
				PRODUCT_BUNDLE_IDENTIFIER = kimboss.smokeroomUITests;
				PRODUCT_NAME = "$(TARGET_NAME)";
				SWIFT_VERSION = 4.0;
				TARGETED_DEVICE_FAMILY = "1,2";
				TEST_TARGET_NAME = smokeroom;
			};
			name = Release;
		};
/* End XCBuildConfiguration section */

/* Begin XCConfigurationList section */
		FB09251C20BEF9930071C1E8 /* Build configuration list for PBXProject "smokeroom" */ = {
			isa = XCConfigurationList;
			buildConfigurations = (
				FB09254720BEF9960071C1E8 /* Debug */,
				FB09254820BEF9960071C1E8 /* Release */,
			);
			defaultConfigurationIsVisible = 0;
			defaultConfigurationName = Release;
		};
		FB09254920BEF9960071C1E8 /* Build configuration list for PBXNativeTarget "smokeroom" */ = {
			isa = XCConfigurationList;
			buildConfigurations = (
				FB09254A20BEF9960071C1E8 /* Debug */,
				FB09254B20BEF9960071C1E8 /* Release */,
			);
			defaultConfigurationIsVisible = 0;
			defaultConfigurationName = Release;
		};
		FB09254C20BEF9960071C1E8 /* Build configuration list for PBXNativeTarget "smokeroomTests" */ = {
			isa = XCConfigurationList;
			buildConfigurations = (
				FB09254D20BEF9960071C1E8 /* Debug */,
				FB09254E20BEF9960071C1E8 /* Release */,
			);
			defaultConfigurationIsVisible = 0;
			defaultConfigurationName = Release;
		};
		FB09254F20BEF9960071C1E8 /* Build configuration list for PBXNativeTarget "smokeroomUITests" */ = {
			isa = XCConfigurationList;
			buildConfigurations = (
				FB09255020BEF9960071C1E8 /* Debug */,
				FB09255120BEF9960071C1E8 /* Release */,
			);
			defaultConfigurationIsVisible = 0;
			defaultConfigurationName = Release;
		};
/* End XCConfigurationList section */
	};
	rootObject = FB09251920BEF9930071C1E8 /* Project object */;
}
