// !$*UTF8*$!
{
	archiveVersion = 1;
	classes = {
	};
	objectVersion = 50;
	objects = {

/* Begin PBXBuildFile section */
		FB09252520BEF9930071C1E8 /* AppDelegate.swift in Sources */ = {isa = PBXBuildFile; fileRef = FB09252420BEF9930071C1E8 /* AppDelegate.swift */; };
		FB09252720BEF9930071C1E8 /* ViewController.swift in Sources */ = {isa = PBXBuildFile; fileRef = FB09252620BEF9930071C1E8 /* ViewController.swift */; };
		FB09252A20BEF9930071C1E8 /* Main.storyboard in Resources */ = {isa = PBXBuildFile; fileRef = FB09252820BEF9930071C1E8 /* Main.storyboard */; };
		FB09252C20BEF9960071C1E8 /* Assets.xcassets in Resources */ = {isa = PBXBuildFile; fileRef = FB09252B20BEF9960071C1E8 /* Assets.xcassets */; };
		FB09252F20BEF9960071C1E8 /* LaunchScreen.storyboard in Resources */ = {isa = PBXBuildFile; fileRef = FB09252D20BEF9960071C1E8 /* LaunchScreen.storyboard */; };
		FB09253A20BEF9960071C1E8 /* smokeroomTests.swift in Sources */ = {isa = PBXBuildFile; fileRef = FB09253920BEF9960071C1E8 /* smokeroomTests.swift */; };
		FB09254520BEF9960071C1E8 /* smokeroomUITests.swift in Sources */ = {isa = PBXBuildFile; fileRef = FB09254420BEF9960071C1E8 /* smokeroomUITests.swift */; };
/* End PBXBuildFile section */

/* Begin PBXContainerItemProxy section */
		FB09253620BEF9960071C1E8 /* PBXContainerItemProxy */ = {
			isa = PBXContainerItemProxy;
			containerPortal = FB09251920BEF9930071C1E8 /* Project object */;
			proxyType = 1;
			remoteGlobalIDString = FB09252020BEF9930071C1E8;
			remoteInfo = smokeroom;
		};
		FB09254120BEF9960071C1E8 /* PBXContainerItemProxy */ = {
			isa = PBXContainerItemProxy;
			containerPortal = FB09251920BEF9930071C1E8 /* Project object */;
			proxyType = 1;
			remoteGlobalIDString = FB09252020BEF9930071C1E8;
			remoteInfo = smokeroom;
		};
/* End PBXContainerItemProxy section */

/* Begin PBXFileReference section */
		FB09252120BEF9930071C1E8 /* smokeroom.app */ = {isa = PBXFileReference; explicitFileType = wrapper.application; includeInIndex = 0; path = smokeroom.app; sourceTree = BUILT_PRODUCTS_DIR; };
		FB09252420BEF9930071C1E8 /* AppDelegate.swift */ = {isa = PBXFileReference; lastKnownFileType = sourcecode.swift; path = AppDelegate.swift; sourceTree = "<group>"; };
		FB09252620BEF9930071C1E8 /* ViewController.swift */ = {isa = PBXFileReference; lastKnownFileType = sourcecode.swift; path = ViewController.swift; sourceTree = "<group>"; };
		FB09252920BEF9930071C1E8 /* Base */ = {isa = PBXFileReference; lastKnownFileType = file.storyboard; name = Base; path = Base.lproj/Main.storyboard; sourceTree = "<group>"; };
		FB09252B20BEF9960071C1E8 /* Assets.xcassets */ = {isa = PBXFileReference; lastKnownFileType = folder.assetcatalog; path = Assets.xcassets; sourceTree = "<group>"; };
		FB09252E20BEF9960071C1E8 /* Base */ = {isa = PBXFileReference; lastKnownFileType = file.storyboard; name = Base; path = Base.lproj/LaunchScreen.storyboard; sourceTree = "<group>"; };
		FB09253020BEF9960071C1E8 /* Info.plist */ = {isa = PBXFileReference; lastKnownFileType = text.plist.xml; path = Info.plist; sourceTree = "<group>"; };
		FB09253520BEF9960071C1E8 /* smokeroomTests.xctest */ = {isa = PBXFileReference; explicitFileType = wrapper.cfbundle; includeInIndex = 0; path = smokeroomTests.xctest; sourceTree = BUILT_PRODUCTS_DIR; };
		FB09253920BEF9960071C1E8 /* smokeroomTests.swift */ = {isa = PBXFileReference; lastKnownFileType = sourcecode.swift; path = smokeroomTests.swift; sourceTree = "<group>"; };
		FB09253B20BEF9960071C1E8 /* Info.plist */ = {isa = PBXFileReference; lastKnownFileType = text.plist.xml; path = Info.plist; sourceTree = "<group>"; };
		FB09254020BEF9960071C1E8 /* smokeroomUITests.xctest */ = {isa = PBXFileReference; explicitFileType = wrapper.cfbundle; includeInIndex = 0; path = smokeroomUITests.xctest; sourceTree = BUILT_PRODUCTS_DIR; };
		FB09254420BEF9960071C1E8 /* smokeroomUITests.swift */ = {isa = PBXFileReference; lastKnownFileType = sourcecode.swift; path = smokeroomUITests.swift; sourceTree = "<group>"; };
		FB09254620BEF9960071C1E8 /* Info.plist */ = {isa = PBXFileReference; lastKnownFileType = text.plist.xml; path = Info.plist; sourceTree = "<group>"; };
/* End PBXFileReference section */

/* Begin PBXFrameworksBuildPhase section */
		FB09251E20BEF9930071C1E8 /* Frameworks */ = {
			isa = PBXFrameworksBuildPhase;
			buildActionMask = 2147483647;
			files = (
			);
			runOnlyForDeploymentPostprocessing = 0;
		};
		FB09253220BEF9960071C1E8 /* Frameworks */ = {
			isa = PBXFrameworksBuildPhase;
			buildActionMask = 2147483647;
			files = (
			);
			runOnlyForDeploymentPostprocessing = 0;
		};
		FB09253D20BEF9960071C1E8 /* Frameworks */ = {
			isa = PBXFrameworksBuildPhase;
			buildActionMask = 2147483647;
			files = (
			);
			runOnlyForDeploymentPostprocessing = 0;
		};
/* End PBXFrameworksBuildPhase section */

/* Begin PBXGroup section */
		FB09251820BEF9930071C1E8 = {
			isa = PBXGroup;
			children = (
				FB09252320BEF9930071C1E8 /* smokeroom */,
				FB09253820BEF9960071C1E8 /* smokeroomTests */,
				FB09254320BEF9960071C1E8 /* smokeroomUITests */,
				FB09252220BEF9930071C1E8 /* Products */,
			);
			sourceTree = "<group>";
		};
		FB09252220BEF9930071C1E8 /* Products */ = {
			isa = PBXGroup;
			children = (
				FB09252120BEF9930071C1E8 /* smokeroom.app */,
				FB09253520BEF9960071C1E8 /* smokeroomTests.xctest */,
				FB09254020BEF9960071C1E8 /* smokeroomUITests.xctest */,
			);
			name = Products;
			sourceTree = "<group>";
		};
		FB09252320BEF9930071C1E8 /* smokeroom */ = {
			isa = PBXGroup;
			children = (
				FB09252420BEF9930071C1E8 /* AppDelegate.swift */,
				FB09252620BEF9930071C1E8 /* ViewController.swift */,
				FB09252820BEF9930071C1E8 /* Main.storyboard */,
				FB09252B20BEF9960071C1E8 /* Assets.xcassets */,
				FB09252D20BEF9960071C1E8 /* LaunchScreen.storyboard */,
				FB09253020BEF9960071C1E8 /* Info.plist */,
			);
			path = smokeroom;
			sourceTree = "<group>";
		};
		FB09253820BEF9960071C1E8 /* smokeroomTests */ = {
			isa = PBXGroup;
			children = (
				FB09253920BEF9960071C1E8 /* smokeroomTests.swift */,
				FB09253B20BEF9960071C1E8 /* Info.plist */,
			);
			path = smokeroomTests;
			sourceTree = "<group>";
		};
		FB09254320BEF9960071C1E8 /* smokeroomUITests */ = {
			isa = PBXGroup;
			children = (
				FB09254420BEF9960071C1E8 /* smokeroomUITests.swift */,
				FB09254620BEF9960071C1E8 /* Info.plist */,
			);
			path = smokeroomUITests;
			sourceTree = "<group>";
		};
/* End PBXGroup section */

/* Begin PBXNativeTarget section */
		FB09252020BEF9930071C1E8 /* smokeroom */ = {
			isa = PBXNativeTarget;
			buildConfigurationList = FB09254920BEF9960071C1E8 /* Build configuration list for PBXNativeTarget "smokeroom" */;
			buildPhases = (
				FB09251D20BEF9930071C1E8 /* Sources */,
				FB09251E20BEF9930071C1E8 /* Frameworks */,
				FB09251F20BEF9930071C1E8 /* Resources */,
			);
			buildRules = (
			);
			dependencies = (
			);
			name = smokeroom;
			productName = smokeroom;
			productReference = FB09252120BEF9930071C1E8 /* smokeroom.app */;
			productType = "com.apple.product-type.application";
		};
		FB09253420BEF9960071C1E8 /* smokeroomTests */ = {
			isa = PBXNativeTarget;
			buildConfigurationList = FB09254C20BEF9960071C1E8 /* Build configuration list for PBXNativeTarget "smokeroomTests" */;
			buildPhases = (
				FB09253120BEF9960071C1E8 /* Sources */,
				FB09253220BEF9960071C1E8 /* Frameworks */,
				FB09253320BEF9960071C1E8 /* Resources */,
			);
			buildRules = (
			);
			dependencies = (
				FB09253720BEF9960071C1E8 /* PBXTargetDependency */,
			);
			name = smokeroomTests;
			productName = smokeroomTests;
			productReference = FB09253520BEF9960071C1E8 /* smokeroomTests.xctest */;
			productType = "com.apple.product-type.bundle.unit-test";
		};
		FB09253F20BEF9960071C1E8 /* smokeroomUITests */ = {
			isa = PBXNativeTarget;
			buildConfigurationList = FB09254F20BEF9960071C1E8 /* Build configuration list for PBXNativeTarget "smokeroomUITests" */;
			buildPhases = (
				FB09253C20BEF9960071C1E8 /* Sources */,
				FB09253D20BEF9960071C1E8 /* Frameworks */,
				FB09253E20BEF9960071C1E8 /* Resources */,
			);
			buildRules = (
			);
			dependencies = (
				FB09254220BEF9960071C1E8 /* PBXTargetDependency */,
			);
			name = smokeroomUITests;
			productName = smokeroomUITests;
			productReference = FB09254020BEF9960071C1E8 /* smokeroomUITests.xctest */;
			productType = "com.apple.product-type.bundle.ui-testing";
		};
/* End PBXNativeTarget section */

/* Begin PBXProject section */
		FB09251920BEF9930071C1E8 /* Project object */ = {
			isa = PBXProject;
			attributes = {
				LastSwiftUpdateCheck = 0930;
				LastUpgradeCheck = 0930;
				ORGANIZATIONNAME = "Austin Kim";
				TargetAttributes = {
					FB09252020BEF9930071C1E8 = {
						CreatedOnToolsVersion = 9.3.1;
					};
					FB09253420BEF9960071C1E8 = {
						CreatedOnToolsVersion = 9.3.1;
						TestTargetID = FB09252020BEF9930071C1E8;
					};
					FB09253F20BEF9960071C1E8 = {
						CreatedOnToolsVersion = 9.3.1;
						TestTargetID = FB09252020BEF9930071C1E8;
					};
				};
			};
			buildConfigurationList = FB09251C20BEF9930071C1E8 /* Build configuration list for PBXProject "smokeroom" */;
			compatibilityVersion = "Xcode 9.3";
			developmentRegion = en;
			hasScannedForEncodings = 0;
			knownRegions = (
				en,
				Base,
			);
			mainGroup = FB09251820BEF9930071C1E8;
			productRefGroup = FB09252220BEF9930071C1E8 /* Products */;
			projectDirPath = "";
			projectRoot = "";
			targets = (
				FB09252020BEF9930071C1E8 /* smokeroom */,
				FB09253420BEF9960071C1E8 /* smokeroomTests */,
				FB09253F20BEF9960071C1E8 /* smokeroomUITests */,
			);
		};
/* End PBXProject section */

/* Begin PBXResourcesBuildPhase section */
		FB09251F20BEF9930071C1E8 /* Resources */ = {
			isa = PBXResourcesBuildPhase;
			buildActionMask = 2147483647;
			files = (
				FB09252F20BEF9960071C1E8 /* LaunchScreen.storyboard in Resources */,
				FB09252C20BEF9960071C1E8 /* Assets.xcassets in Resources */,
				FB09252A20BEF9930071C1E8 /* Main.storyboard in Resources */,
			);
			runOnlyForDeploymentPostprocessing = 0;
		};
		FB09253320BEF9960071C1E8 /* Resources */ = {
			isa = PBXResourcesBuildPhase;
			buildActionMask = 2147483647;
			files = (
			);
			runOnlyForDeploymentPostprocessing = 0;
		};
		FB09253E20BEF9960071C1E8 /* Resources */ = {
			isa = PBXResourcesBuildPhase;
			buildActionMask = 2147483647;
			files = (
			);
			runOnlyForDeploymentPostprocessing = 0;
		};
/* End PBXResourcesBuildPhase section */

/* Begin PBXSourcesBuildPhase section */
		FB09251D20BEF9930071C1E8 /* Sources */ = {
			isa = PBXSourcesBuildPhase;
			buildActionMask = 2147483647;
			files = (
				FB09252720BEF9930071C1E8 /* ViewController.swift in Sources */,
				FB09252520BEF9930071C1E8 /* AppDelegate.swift in Sources */,
			);
			runOnlyForDeploymentPostprocessing = 0;
		};
		FB09253120BEF9960071C1E8 /* Sources */ = {
			isa = PBXSourcesBuildPhase;
			buildActionMask = 2147483647;
			files = (
				FB09253A20BEF9960071C1E8 /* smokeroomTests.swift in Sources */,
			);
			runOnlyForDeploymentPostprocessing = 0;
		};
		FB09253C20BEF9960071C1E8 /* Sources */ = {
			isa = PBXSourcesBuildPhase;
			buildActionMask = 2147483647;
			files = (
				FB09254520BEF9960071C1E8 /* smokeroomUITests.swift in Sources */,
			);
			runOnlyForDeploymentPostprocessing = 0;
		};
/* End PBXSourcesBuildPhase section */

/* Begin PBXTargetDependency section */
		FB09253720BEF9960071C1E8 /* PBXTargetDependency */ = {
			isa = PBXTargetDependency;
			target = FB09252020BEF9930071C1E8 /* smokeroom */;
			targetProxy = FB09253620BEF9960071C1E8 /* PBXContainerItemProxy */;
		};
		FB09254220BEF9960071C1E8 /* PBXTargetDependency */ = {
			isa = PBXTargetDependency;
			target = FB09252020BEF9930071C1E8 /* smokeroom */;
			targetProxy = FB09254120BEF9960071C1E8 /* PBXContainerItemProxy */;
		};
/* End PBXTargetDependency section */

/* Begin PBXVariantGroup section */
		FB09252820BEF9930071C1E8 /* Main.storyboard */ = {
			isa = PBXVariantGroup;
			children = (
				FB09252920BEF9930071C1E8 /* Base */,
			);
			name = Main.storyboard;
			sourceTree = "<group>";
		};
		FB09252D20BEF9960071C1E8 /* LaunchScreen.storyboard */ = {
			isa = PBXVariantGroup;
			children = (
				FB09252E20BEF9960071C1E8 /* Base */,
			);
			name = LaunchScreen.storyboard;
			sourceTree = "<group>";
		};
/* End PBXVariantGroup section */

/* Begin XCBuildConfiguration section */
		FB09254720BEF9960071C1E8 /* Debug */ = {
			isa = XCBuildConfiguration;
			buildSettings = {
				ALWAYS_SEARCH_USER_PATHS = NO;
				CLANG_ANALYZER_NONNULL = YES;
				CLANG_ANALYZER_NUMBER_OBJECT_CONVERSION = YES_AGGRESSIVE;
				CLANG_CXX_LANGUAGE_STANDARD = "gnu++14";
				CLANG_CXX_LIBRARY = "libc++";
				CLANG_ENABLE_MODULES = YES;
				CLANG_ENABLE_OBJC_ARC = YES;
				CLANG_ENABLE_OBJC_WEAK = YES;
				CLANG_WARN_BLOCK_CAPTURE_AUTORELEASING = YES;
				CLANG_WARN_BOOL_CONVERSION = YES;
				CLANG_WARN_COMMA = YES;
				CLANG_WARN_CONSTANT_CONVERSION = YES;
				CLANG_WARN_DEPRECATED_OBJC_IMPLEMENTATIONS = YES;
				CLANG_WARN_DIRECT_OBJC_ISA_USAGE = YES_ERROR;
				CLANG_WARN_DOCUMENTATION_COMMENTS = YES;
				CLANG_WARN_EMPTY_BODY = YES;
				CLANG_WARN_ENUM_CONVERSION = YES;
				CLANG_WARN_INFINITE_RECURSION = YES;
				CLANG_WARN_INT_CONVERSION = YES;
				CLANG_WARN_NON_LITERAL_NULL_CONVERSION = YES;
				CLANG_WARN_OBJC_IMPLICIT_RETAIN_SELF = YES;
				CLANG_WARN_OBJC_LITERAL_CONVERSION = YES;
				CLANG_WARN_OBJC_ROOT_CLASS = YES_ERROR;
				CLANG_WARN_RANGE_LOOP_ANALYSIS = YES;
				CLANG_WARN_STRICT_PROTOTYPES = YES;
				CLANG_WARN_SUSPICIOUS_MOVE = YES;
				CLANG_WARN_UNGUARDED_AVAILABILITY = YES_AGGRESSIVE;
				CLANG_WARN_UNREACHABLE_CODE = YES;
				CLANG_WARN__DUPLICATE_METHOD_MATCH = YES;
				CODE_SIGN_IDENTITY = "iPhone Developer";
				COPY_PHASE_STRIP = NO;
				DEBUG_INFORMATION_FORMAT = dwarf;
				ENABLE_STRICT_OBJC_MSGSEND = YES;
				ENABLE_TESTABILITY = YES;
				GCC_C_LANGUAGE_STANDARD = gnu11;
				GCC_DYNAMIC_NO_PIC = NO;
				GCC_NO_COMMON_BLOCKS = YES;
				GCC_OPTIMIZATION_LEVEL = 0;
				GCC_PREPROCESSOR_DEFINITIONS = (
					"DEBUG=1",
					"$(inherited)",
				);
				GCC_WARN_64_TO_32_BIT_CONVERSION = YES;
				GCC_WARN_ABOUT_RETURN_TYPE = YES_ERROR;
				GCC_WARN_UNDECLARED_SELECTOR = YES;
				GCC_WARN_UNINITIALIZED_AUTOS = YES_AGGRESSIVE;
				GCC_WARN_UNUSED_FUNCTION = YES;
				GCC_WARN_UNUSED_VARIABLE = YES;
				IPHONEOS_DEPLOYMENT_TARGET = 11.3;
				MTL_ENABLE_DEBUG_INFO = YES;
				ONLY_ACTIVE_ARCH = YES;
				SDKROOT = iphoneos;
				SWIFT_ACTIVE_COMPILATION_CONDITIONS = DEBUG;
				SWIFT_OPTIMIZATION_LEVEL = "-Onone";
			};
			name = Debug;
		};
		FB09254820BEF9960071C1E8 /* Release */ = {
			isa = XCBuildConfiguration;
			buildSettings = {
				ALWAYS_SEARCH_USER_PATHS = NO;
				CLANG_ANALYZER_NONNULL = YES;
				CLANG_ANALYZER_NUMBER_OBJECT_CONVERSION = YES_AGGRESSIVE;
				CLANG_CXX_LANGUAGE_STANDARD = "gnu++14";
				CLANG_CXX_LIBRARY = "libc++";
				CLANG_ENABLE_MODULES = YES;
				CLANG_ENABLE_OBJC_ARC = YES;
				CLANG_ENABLE_OBJC_WEAK = YES;
				CLANG_WARN_BLOCK_CAPTURE_AUTORELEASING = YES;
				CLANG_WARN_BOOL_CONVERSION = YES;
				CLANG_WARN_COMMA = YES;
				CLANG_WARN_CONSTANT_CONVERSION = YES;
				CLANG_WARN_DEPRECATED_OBJC_IMPLEMENTATIONS = YES;
				CLANG_WARN_DIRECT_OBJC_ISA_USAGE = YES_ERROR;
				CLANG_WARN_DOCUMENTATION_COMMENTS = YES;
				CLANG_WARN_EMPTY_BODY = YES;
				CLANG_WARN_ENUM_CONVERSION = YES;
				CLANG_WARN_INFINITE_RECURSION = YES;
				CLANG_WARN_INT_CONVERSION = YES;
				CLANG_WARN_NON_LITERAL_NULL_CONVERSION = YES;
				CLANG_WARN_OBJC_IMPLICIT_RETAIN_SELF = YES;
				CLANG_WARN_OBJC_LITERAL_CONVERSION = YES;
				CLANG_WARN_OBJC_ROOT_CLASS = YES_ERROR;
				CLANG_WARN_RANGE_LOOP_ANALYSIS = YES;
				CLANG_WARN_STRICT_PROTOTYPES = YES;
				CLANG_WARN_SUSPICIOUS_MOVE = YES;
				CLANG_WARN_UNGUARDED_AVAILABILITY = YES_AGGRESSIVE;
				CLANG_WARN_UNREACHABLE_CODE = YES;
				CLANG_WARN__DUPLICATE_METHOD_MATCH = YES;
				CODE_SIGN_IDENTITY = "iPhone Developer";
				COPY_PHASE_STRIP = NO;
				DEBUG_INFORMATION_FORMAT = "dwarf-with-dsym";
				ENABLE_NS_ASSERTIONS = NO;
				ENABLE_STRICT_OBJC_MSGSEND = YES;
				GCC_C_LANGUAGE_STANDARD = gnu11;
				GCC_NO_COMMON_BLOCKS = YES;
				GCC_WARN_64_TO_32_BIT_CONVERSION = YES;
				GCC_WARN_ABOUT_RETURN_TYPE = YES_ERROR;
				GCC_WARN_UNDECLARED_SELECTOR = YES;
				GCC_WARN_UNINITIALIZED_AUTOS = YES_AGGRESSIVE;
				GCC_WARN_UNUSED_FUNCTION = YES;
				GCC_WARN_UNUSED_VARIABLE = YES;
				IPHONEOS_DEPLOYMENT_TARGET = 11.3;
				MTL_ENABLE_DEBUG_INFO = NO;
				SDKROOT = iphoneos;
				SWIFT_COMPILATION_MODE = wholemodule;
				SWIFT_OPTIMIZATION_LEVEL = "-O";
				VALIDATE_PRODUCT = YES;
			};
			name = Release;
		};
		FB09254A20BEF9960071C1E8 /* Debug */ = {
			isa = XCBuildConfiguration;
			buildSettings = {
				ASSETCATALOG_COMPILER_APPICON_NAME = AppIcon;
				CODE_SIGN_STYLE = Automatic;
				INFOPLIST_FILE = smokeroom/Info.plist;
				LD_RUNPATH_SEARCH_PATHS = (
					"$(inherited)",
					"@executable_path/Frameworks",
				);
				PRODUCT_BUNDLE_IDENTIFIER = kimboss.smokeroom;
				PRODUCT_NAME = "$(TARGET_NAME)";
				SWIFT_VERSION = 4.0;
				TARGETED_DEVICE_FAMILY = "1,2";
			};
			name = Debug;
		};
		FB09254B20BEF9960071C1E8 /* Release */ = {
			isa = XCBuildConfiguration;
			buildSettings = {
				ASSETCATALOG_COMPILER_APPICON_NAME = AppIcon;
				CODE_SIGN_STYLE = Automatic;
				INFOPLIST_FILE = smokeroom/Info.plist;
				LD_RUNPATH_SEARCH_PATHS = (
					"$(inherited)",
					"@executable_path/Frameworks",
				);
				PRODUCT_BUNDLE_IDENTIFIER = kimboss.smokeroom;
				PRODUCT_NAME = "$(TARGET_NAME)";
				SWIFT_VERSION = 4.0;
				TARGETED_DEVICE_FAMILY = "1,2";
			};
			name = Release;
		};
		FB09254D20BEF9960071C1E8 /* Debug */ = {
			isa = XCBuildConfiguration;
			buildSettings = {
				ALWAYS_EMBED_SWIFT_STANDARD_LIBRARIES = YES;
				BUNDLE_LOADER = "$(TEST_HOST)";
				CODE_SIGN_STYLE = Automatic;
				INFOPLIST_FILE = smokeroomTests/Info.plist;
				LD_RUNPATH_SEARCH_PATHS = (
					"$(inherited)",
					"@executable_path/Frameworks",
					"@loader_path/Frameworks",
				);
				PRODUCT_BUNDLE_IDENTIFIER = kimboss.smokeroomTests;
				PRODUCT_NAME = "$(TARGET_NAME)";
				SWIFT_VERSION = 4.0;
				TARGETED_DEVICE_FAMILY = "1,2";
				TEST_HOST = "$(BUILT_PRODUCTS_DIR)/smokeroom.app/smokeroom";
			};
			name = Debug;
		};
		FB09254E20BEF9960071C1E8 /* Release */ = {
			isa = XCBuildConfiguration;
			buildSettings = {
				ALWAYS_EMBED_SWIFT_STANDARD_LIBRARIES = YES;
				BUNDLE_LOADER = "$(TEST_HOST)";
				CODE_SIGN_STYLE = Automatic;
				INFOPLIST_FILE = smokeroomTests/Info.plist;
				LD_RUNPATH_SEARCH_PATHS = (
					"$(inherited)",
					"@executable_path/Frameworks",
					"@loader_path/Frameworks",
				);
				PRODUCT_BUNDLE_IDENTIFIER = kimboss.smokeroomTests;
				PRODUCT_NAME = "$(TARGET_NAME)";
				SWIFT_VERSION = 4.0;
				TARGETED_DEVICE_FAMILY = "1,2";
				TEST_HOST = "$(BUILT_PRODUCTS_DIR)/smokeroom.app/smokeroom";
			};
			name = Release;
		};
		FB09255020BEF9960071C1E8 /* Debug */ = {
			isa = XCBuildConfiguration;
			buildSettings = {
				ALWAYS_EMBED_SWIFT_STANDARD_LIBRARIES = YES;
				CODE_SIGN_STYLE = Automatic;
				INFOPLIST_FILE = smokeroomUITests/Info.plist;
				LD_RUNPATH_SEARCH_PATHS = (
					"$(inherited)",
					"@executable_path/Frameworks",
					"@loader_path/Frameworks",
				);
				PRODUCT_BUNDLE_IDENTIFIER = kimboss.smokeroomUITests;
				PRODUCT_NAME = "$(TARGET_NAME)";
				SWIFT_VERSION = 4.0;
				TARGETED_DEVICE_FAMILY = "1,2";
				TEST_TARGET_NAME = smokeroom;
			};
			name = Debug;
		};
		FB09255120BEF9960071C1E8 /* Release */ = {
			isa = XCBuildConfiguration;
			buildSettings = {
				ALWAYS_EMBED_SWIFT_STANDARD_LIBRARIES = YES;
				CODE_SIGN_STYLE = Automatic;
				INFOPLIST_FILE = smokeroomUITests/Info.plist;
				LD_RUNPATH_SEARCH_PATHS = (
					"$(inherited)",
					"@executable_path/Frameworks",
					"@loader_path/Frameworks",
				);
				PRODUCT_BUNDLE_IDENTIFIER = kimboss.smokeroomUITests;
				PRODUCT_NAME = "$(TARGET_NAME)";
				SWIFT_VERSION = 4.0;
				TARGETED_DEVICE_FAMILY = "1,2";
				TEST_TARGET_NAME = smokeroom;
			};
			name = Release;
		};
/* End XCBuildConfiguration section */

/* Begin XCConfigurationList section */
		FB09251C20BEF9930071C1E8 /* Build configuration list for PBXProject "smokeroom" */ = {
			isa = XCConfigurationList;
			buildConfigurations = (
				FB09254720BEF9960071C1E8 /* Debug */,
				FB09254820BEF9960071C1E8 /* Release */,
			);
			defaultConfigurationIsVisible = 0;
			defaultConfigurationName = Release;
		};
		FB09254920BEF9960071C1E8 /* Build configuration list for PBXNativeTarget "smokeroom" */ = {
			isa = XCConfigurationList;
			buildConfigurations = (
				FB09254A20BEF9960071C1E8 /* Debug */,
				FB09254B20BEF9960071C1E8 /* Release */,
			);
			defaultConfigurationIsVisible = 0;
			defaultConfigurationName = Release;
		};
		FB09254C20BEF9960071C1E8 /* Build configuration list for PBXNativeTarget "smokeroomTests" */ = {
			isa = XCConfigurationList;
			buildConfigurations = (
				FB09254D20BEF9960071C1E8 /* Debug */,
				FB09254E20BEF9960071C1E8 /* Release */,
			);
			defaultConfigurationIsVisible = 0;
			defaultConfigurationName = Release;
		};
		FB09254F20BEF9960071C1E8 /* Build configuration list for PBXNativeTarget "smokeroomUITests" */ = {
			isa = XCConfigurationList;
			buildConfigurations = (
				FB09255020BEF9960071C1E8 /* Debug */,
				FB09255120BEF9960071C1E8 /* Release */,
			);
			defaultConfigurationIsVisible = 0;
			defaultConfigurationName = Release;
		};
/* End XCConfigurationList section */
	};
	rootObject = FB09251920BEF9930071C1E8 /* Project object */;
}
